
Microsoft Visual Studio Solution File, Format Version 12.00
# Visual Studio Version 17
VisualStudioVersion = 17.9.34902.65
MinimumVisualStudioVersion = 10.0.40219.1
Project("{FAE04EC0-301F-11D3-BF4B-00C04F79EFBC}") = "SalesWebMvc", "SalesWebMvc\SalesWebMvc.csproj", "{ED4A3DC7-3E26-4F1A-90DB-0D2C7A5ABFFA}"
EndProject
Global
	GlobalSection(SolutionConfigurationPlatforms) = preSolution
		Debug|Any CPU = Debug|Any CPU
		Release|Any CPU = Release|Any CPU
	EndGlobalSection
	GlobalSection(ProjectConfigurationPlatforms) = postSolution
		{ED4A3DC7-3E26-4F1A-90DB-0D2C7A5ABFFA}.Debug|Any CPU.ActiveCfg = Debug|Any CPU
		{ED4A3DC7-3E26-4F1A-90DB-0D2C7A5ABFFA}.Debug|Any CPU.Build.0 = Debug|Any CPU
		{ED4A3DC7-3E26-4F1A-90DB-0D2C7A5ABFFA}.Release|Any CPU.ActiveCfg = Release|Any CPU
		{ED4A3DC7-3E26-4F1A-90DB-0D2C7A5ABFFA}.Release|Any CPU.Build.0 = Release|Any CPU
	EndGlobalSection
	GlobalSection(SolutionProperties) = preSolution
		HideSolutionNode = FALSE
	EndGlobalSection
	GlobalSection(ExtensibilityGlobals) = postSolution
		SolutionGuid = {D38D14E8-CAAF-4D8C-9E53-5969EDD47DC2}
	EndGlobalSection
EndGlobal
